
Microsoft Visual Studio Solution File, Format Version 12.00
# Visual Studio 15
VisualStudioVersion = 15.0.28307.757
MinimumVisualStudioVersion = 10.0.40219.1
Project("{FAE04EC0-301F-11D3-BF4B-00C04F79EFBC}") = "TrainsAPI", "TrainsAPI\TrainsAPI.csproj", "{2D9AA020-32B9-46BF-B626-06F77C490F8D}"
EndProject
Project("{FAE04EC0-301F-11D3-BF4B-00C04F79EFBC}") = "Graph", "Graph\Graph.csproj", "{C7DE727E-B165-41C4-931B-C2767A8741FC}"
EndProject
Global
	GlobalSection(SolutionConfigurationPlatforms) = preSolution
		Debug|Any CPU = Debug|Any CPU
		Release|Any CPU = Release|Any CPU
	EndGlobalSection
	GlobalSection(ProjectConfigurationPlatforms) = postSolution
		{2D9AA020-32B9-46BF-B626-06F77C490F8D}.Debug|Any CPU.ActiveCfg = Debug|Any CPU
		{2D9AA020-32B9-46BF-B626-06F77C490F8D}.Debug|Any CPU.Build.0 = Debug|Any CPU
		{2D9AA020-32B9-46BF-B626-06F77C490F8D}.Release|Any CPU.ActiveCfg = Release|Any CPU
		{2D9AA020-32B9-46BF-B626-06F77C490F8D}.Release|Any CPU.Build.0 = Release|Any CPU
		{C7DE727E-B165-41C4-931B-C2767A8741FC}.Debug|Any CPU.ActiveCfg = Debug|Any CPU
		{C7DE727E-B165-41C4-931B-C2767A8741FC}.Debug|Any CPU.Build.0 = Debug|Any CPU
		{C7DE727E-B165-41C4-931B-C2767A8741FC}.Release|Any CPU.ActiveCfg = Release|Any CPU
		{C7DE727E-B165-41C4-931B-C2767A8741FC}.Release|Any CPU.Build.0 = Release|Any CPU
	EndGlobalSection
	GlobalSection(SolutionProperties) = preSolution
		HideSolutionNode = FALSE
	EndGlobalSection
	GlobalSection(ExtensibilityGlobals) = postSolution
		SolutionGuid = {2A51285A-B129-4383-81C9-6AA0A3A81B10}
	EndGlobalSection
EndGlobal
